
Microsoft Visual Studio Solution File, Format Version 12.00
# Visual Studio Version 16
VisualStudioVersion = 16.0.32126.315
MinimumVisualStudioVersion = 10.0.40219.1
Project("{9A19103F-16F7-4668-BE54-9A1E7A4F7556}") = "StringOpdracht", "StringOpdracht.csproj", "{B7517B1E-B3B5-44A4-8CF9-124E5281CFB2}"
EndProject
Global
	GlobalSection(SolutionConfigurationPlatforms) = preSolution
		Debug|Any CPU = Debug|Any CPU
		Release|Any CPU = Release|Any CPU
	EndGlobalSection
	GlobalSection(ProjectConfigurationPlatforms) = postSolution
		{B7517B1E-B3B5-44A4-8CF9-124E5281CFB2}.Debug|Any CPU.ActiveCfg = Debug|Any CPU
		{B7517B1E-B3B5-44A4-8CF9-124E5281CFB2}.Debug|Any CPU.Build.0 = Debug|Any CPU
		{B7517B1E-B3B5-44A4-8CF9-124E5281CFB2}.Release|Any CPU.ActiveCfg = Release|Any CPU
		{B7517B1E-B3B5-44A4-8CF9-124E5281CFB2}.Release|Any CPU.Build.0 = Release|Any CPU
	EndGlobalSection
	GlobalSection(SolutionProperties) = preSolution
		HideSolutionNode = FALSE
	EndGlobalSection
	GlobalSection(ExtensibilityGlobals) = postSolution
		SolutionGuid = {D7ABA6BB-CB4A-44C2-91BC-EE758B5FEC88}
	EndGlobalSection
EndGlobal
